
Microsoft Visual Studio Solution File, Format Version 12.00
# Visual Studio Version 17
VisualStudioVersion = 17.4.33213.308
MinimumVisualStudioVersion = 10.0.40219.1
Project("{FAE04EC0-301F-11D3-BF4B-00C04F79EFBC}") = "ApiTarefaDapper", "ApiTarefaDapper\ApiTarefaDapper.csproj", "{BD985D6F-27DF-48F1-B762-051DCDDBB44D}"
EndProject
Global
	GlobalSection(SolutionConfigurationPlatforms) = preSolution
		Debug|Any CPU = Debug|Any CPU
		Release|Any CPU = Release|Any CPU
	EndGlobalSection
	GlobalSection(ProjectConfigurationPlatforms) = postSolution
		{BD985D6F-27DF-48F1-B762-051DCDDBB44D}.Debug|Any CPU.ActiveCfg = Debug|Any CPU
		{BD985D6F-27DF-48F1-B762-051DCDDBB44D}.Debug|Any CPU.Build.0 = Debug|Any CPU
		{BD985D6F-27DF-48F1-B762-051DCDDBB44D}.Release|Any CPU.ActiveCfg = Release|Any CPU
		{BD985D6F-27DF-48F1-B762-051DCDDBB44D}.Release|Any CPU.Build.0 = Release|Any CPU
	EndGlobalSection
	GlobalSection(SolutionProperties) = preSolution
		HideSolutionNode = FALSE
	EndGlobalSection
	GlobalSection(ExtensibilityGlobals) = postSolution
		SolutionGuid = {D9EB5E5A-9D2B-499C-B5B4-F410BE7DDCD6}
	EndGlobalSection
EndGlobal
